
Microsoft Visual Studio Solution File, Format Version 12.00
# Visual Studio 15
VisualStudioVersion = 15.0.27703.2042
MinimumVisualStudioVersion = 10.0.40219.1
Project("{FAE04EC0-301F-11D3-BF4B-00C04F79EFBC}") = "Miojo", "Miojo\Miojo.csproj", "{1AEAD59E-D43C-4CA7-A0CF-D968BD52688F}"
EndProject
Global
	GlobalSection(SolutionConfigurationPlatforms) = preSolution
		Debug|Any CPU = Debug|Any CPU
		Release|Any CPU = Release|Any CPU
	EndGlobalSection
	GlobalSection(ProjectConfigurationPlatforms) = postSolution
		{1AEAD59E-D43C-4CA7-A0CF-D968BD52688F}.Debug|Any CPU.ActiveCfg = Debug|Any CPU
		{1AEAD59E-D43C-4CA7-A0CF-D968BD52688F}.Debug|Any CPU.Build.0 = Debug|Any CPU
		{1AEAD59E-D43C-4CA7-A0CF-D968BD52688F}.Release|Any CPU.ActiveCfg = Release|Any CPU
		{1AEAD59E-D43C-4CA7-A0CF-D968BD52688F}.Release|Any CPU.Build.0 = Release|Any CPU
	EndGlobalSection
	GlobalSection(SolutionProperties) = preSolution
		HideSolutionNode = FALSE
	EndGlobalSection
	GlobalSection(ExtensibilityGlobals) = postSolution
		SolutionGuid = {E796DFA7-4A0C-4FC8-8132-86D7B4385614}
	EndGlobalSection
EndGlobal
